<?xml version="1.0" encoding="utf-8"?>
<Project ToolsVersion="4.0" xmlns="http://schemas.microsoft.com/developer/msbuild/2003">
  <ItemGroup>
    <ClCompile Include="aera-visualizer-window-base.cpp" />
    <ClCompile Include="main.cpp" />
    <ClCompile Include="aera-visualizer-window.cpp" />
    <ClCompile Include="submodules\AERA\submodules\CoreLibrary\CoreLibrary\base.cpp">
      <Filter>CoreLibrary</Filter>
    </ClCompile>
    <ClCompile Include="submodules\AERA\submodules\CoreLibrary\CoreLibrary\utils.cpp">
      <Filter>CoreLibrary</Filter>
    </ClCompile>
    <ClCompile Include="submodules\AERA\r_code\atom.cpp">
      <Filter>r_code</Filter>
    </ClCompile>
    <ClCompile Include="submodules\AERA\r_code\image.cpp">
      <Filter>r_code</Filter>
    </ClCompile>
    <ClCompile Include="submodules\AERA\r_code\image_impl.cpp">
      <Filter>r_code</Filter>
    </ClCompile>
    <ClCompile Include="submodules\AERA\r_code\object.cpp">
      <Filter>r_code</Filter>
    </ClCompile>
    <ClCompile Include="submodules\AERA\r_code\r_code.cpp">
      <Filter>r_code</Filter>
    </ClCompile>
    <ClCompile Include="submodules\AERA\r_code\vector.cpp">
      <Filter>r_code</Filter>
    </ClCompile>
    <ClCompile Include="submodules\AERA\r_code\code_utils.cpp">
      <Filter>r_code</Filter>
    </ClCompile>
    <ClCompile Include="submodules\AERA\r_comp\class.cpp">
      <Filter>r_comp</Filter>
    </ClCompile>
    <ClCompile Include="submodules\AERA\r_comp\compiler.cpp">
      <Filter>r_comp</Filter>
    </ClCompile>
    <ClCompile Include="submodules\AERA\r_comp\decompiler.cpp">
      <Filter>r_comp</Filter>
    </ClCompile>
    <ClCompile Include="submodules\AERA\r_comp\preprocessor.cpp">
      <Filter>r_comp</Filter>
    </ClCompile>
    <ClCompile Include="submodules\AERA\r_comp\r_comp.cpp">
      <Filter>r_comp</Filter>
    </ClCompile>
    <ClCompile Include="submodules\AERA\r_comp\segments.cpp">
      <Filter>r_comp</Filter>
    </ClCompile>
    <ClCompile Include="submodules\AERA\r_comp\string_utils.cpp">
      <Filter>r_comp</Filter>
    </ClCompile>
    <ClCompile Include="submodules\AERA\r_comp\structure_member.cpp">
      <Filter>r_comp</Filter>
    </ClCompile>
    <ClCompile Include="replicode-objects.cpp" />
    <ClCompile Include="submodules\AERA\submodules\CoreLibrary\CoreLibrary\base.tpl.cpp">
      <Filter>CoreLibrary</Filter>
    </ClCompile>
    <ClCompile Include="submodules\AERA\submodules\CoreLibrary\CoreLibrary\pipe.tpl.cpp">
      <Filter>CoreLibrary</Filter>
    </ClCompile>
    <ClCompile Include="submodules\AERA\submodules\CoreLibrary\CoreLibrary\utils.tpl.cpp">
      <Filter>CoreLibrary</Filter>
    </ClCompile>
    <ClCompile Include="submodules\AERA\r_exec\_context.cpp">
      <Filter>r_exec</Filter>
    </ClCompile>
    <ClCompile Include="submodules\AERA\r_exec\ast_controller.cpp">
      <Filter>r_exec</Filter>
    </ClCompile>
    <ClCompile Include="submodules\AERA\r_exec\ast_controller.tpl.cpp">
      <Filter>r_exec</Filter>
    </ClCompile>
    <ClCompile Include="submodules\AERA\r_exec\auto_focus.cpp">
      <Filter>r_exec</Filter>
    </ClCompile>
    <ClCompile Include="submodules\AERA\r_exec\binding_map.cpp">
      <Filter>r_exec</Filter>
    </ClCompile>
    <ClCompile Include="submodules\AERA\r_exec\callbacks.cpp">
      <Filter>r_exec</Filter>
    </ClCompile>
    <ClCompile Include="submodules\AERA\r_exec\context.cpp">
      <Filter>r_exec</Filter>
    </ClCompile>
    <ClCompile Include="submodules\AERA\r_exec\cpp_programs.cpp">
      <Filter>r_exec</Filter>
    </ClCompile>
    <ClCompile Include="submodules\AERA\r_exec\cst_controller.cpp">
      <Filter>r_exec</Filter>
    </ClCompile>
    <ClCompile Include="submodules\AERA\r_exec\factory.cpp">
      <Filter>r_exec</Filter>
    </ClCompile>
    <ClCompile Include="submodules\AERA\r_exec\g_monitor.cpp">
      <Filter>r_exec</Filter>
    </ClCompile>
    <ClCompile Include="submodules\AERA\r_exec\group.cpp">
      <Filter>r_exec</Filter>
    </ClCompile>
    <ClCompile Include="submodules\AERA\r_exec\group.inline.cpp">
      <Filter>r_exec</Filter>
    </ClCompile>
    <ClCompile Include="submodules\AERA\r_exec\guard_builder.cpp">
      <Filter>r_exec</Filter>
    </ClCompile>
    <ClCompile Include="submodules\AERA\r_exec\hlp_context.cpp">
      <Filter>r_exec</Filter>
    </ClCompile>
    <ClCompile Include="submodules\AERA\r_exec\hlp_controller.cpp">
      <Filter>r_exec</Filter>
    </ClCompile>
    <ClCompile Include="submodules\AERA\r_exec\hlp_overlay.cpp">
      <Filter>r_exec</Filter>
    </ClCompile>
    <ClCompile Include="submodules\AERA\r_exec\init.cpp">
      <Filter>r_exec</Filter>
    </ClCompile>
    <ClCompile Include="submodules\AERA\r_exec\mdl_controller.cpp">
      <Filter>r_exec</Filter>
    </ClCompile>
    <ClCompile Include="submodules\AERA\r_exec\mem.cpp">
      <Filter>r_exec</Filter>
    </ClCompile>
    <ClCompile Include="submodules\AERA\r_exec\mem.tpl.cpp">
      <Filter>r_exec</Filter>
    </ClCompile>
    <ClCompile Include="submodules\AERA\r_exec\model_base.cpp">
      <Filter>r_exec</Filter>
    </ClCompile>
    <ClCompile Include="submodules\AERA\r_exec\monitor.cpp">
      <Filter>r_exec</Filter>
    </ClCompile>
    <ClCompile Include="submodules\AERA\r_exec\object.tpl.cpp">
      <Filter>r_exec</Filter>
    </ClCompile>
    <ClCompile Include="submodules\AERA\r_exec\opcodes.cpp">
      <Filter>r_exec</Filter>
    </ClCompile>
    <ClCompile Include="submodules\AERA\r_exec\operator.cpp">
      <Filter>r_exec</Filter>
    </ClCompile>
    <ClCompile Include="submodules\AERA\r_exec\overlay.cpp">
      <Filter>r_exec</Filter>
    </ClCompile>
    <ClCompile Include="submodules\AERA\r_exec\p_monitor.cpp">
      <Filter>r_exec</Filter>
    </ClCompile>
    <ClCompile Include="submodules\AERA\r_exec\pattern_extractor.cpp">
      <Filter>r_exec</Filter>
    </ClCompile>
    <ClCompile Include="submodules\AERA\r_exec\pgm_controller.cpp">
      <Filter>r_exec</Filter>
    </ClCompile>
    <ClCompile Include="submodules\AERA\r_exec\pgm_overlay.cpp">
      <Filter>r_exec</Filter>
    </ClCompile>
    <ClCompile Include="submodules\AERA\r_exec\pgm_overlay.inline.cpp">
      <Filter>r_exec</Filter>
    </ClCompile>
    <ClCompile Include="submodules\AERA\r_exec\reduction_core.cpp">
      <Filter>r_exec</Filter>
    </ClCompile>
    <ClCompile Include="submodules\AERA\r_exec\reduction_job.cpp">
      <Filter>r_exec</Filter>
    </ClCompile>
    <ClCompile Include="submodules\AERA\r_exec\time_core.cpp">
      <Filter>r_exec</Filter>
    </ClCompile>
    <ClCompile Include="submodules\AERA\r_exec\time_job.cpp">
      <Filter>r_exec</Filter>
    </ClCompile>
    <ClCompile Include="submodules\AERA\r_exec\view.cpp">
      <Filter>r_exec</Filter>
    </ClCompile>
    <ClCompile Include="submodules\AERA\r_exec\view.inline.cpp">
      <Filter>r_exec</Filter>
    </ClCompile>
    <ClCompile Include="submodules\AERA\usr_operators\auto_focus_callback.cpp">
      <Filter>usr_operators</Filter>
    </ClCompile>
    <ClCompile Include="explanation-log-window.cpp" />
    <ClCompile Include="graphics-items\aera-graphics-item.cpp">
      <Filter>graphics-items</Filter>
    </ClCompile>
    <ClCompile Include="graphics-items\arrow.cpp">
      <Filter>graphics-items</Filter>
    </ClCompile>
    <ClCompile Include="graphics-items\composite-state-item.cpp">
      <Filter>graphics-items</Filter>
    </ClCompile>
    <ClCompile Include="graphics-items\model-item.cpp">
      <Filter>graphics-items</Filter>
    </ClCompile>
    <ClCompile Include="graphics-items\prediction-item.cpp">
      <Filter>graphics-items</Filter>
    </ClCompile>
    <ClCompile Include="graphics-items\program-output-fact-item.cpp">
      <Filter>graphics-items</Filter>
    </ClCompile>
    <ClCompile Include="graphics-items\program-reduction-item.cpp">
      <Filter>graphics-items</Filter>
    </ClCompile>
    <ClCompile Include="graphics-items\aera-visualizer-scene.cpp">
      <Filter>graphics-items</Filter>
    </ClCompile>
    <ClCompile Include="graphics-items\instantiated-composite-state-item.cpp">
      <Filter>graphics-items</Filter>
    </ClCompile>
    <ClCompile Include="graphics-items\auto-focus-fact-item.cpp">
      <Filter>graphics-items</Filter>
    </ClCompile>
    <ClCompile Include="submodules\AERA\submodules\CoreLibrary\CoreLibrary\xml_parser.cpp">
      <Filter>CoreLibrary</Filter>
    </ClCompile>
    <ClCompile Include="graphics-items\prediction-result-item.cpp">
      <Filter>graphics-items</Filter>
    </ClCompile>
    <ClCompile Include="graphics-items\model-goal-item.cpp">
      <Filter>graphics-items</Filter>
    </ClCompile>
    <ClCompile Include="graphics-items\composite-state-goal-item.cpp">
      <Filter>graphics-items</Filter>
    </ClCompile>
    <ClCompile Include="graphics-items\io-device-inject-eject-item.cpp">
      <Filter>graphics-items</Filter>
    </ClCompile>
    <ClCompile Include="submodules\AERA\r_code\atom.inline.cpp">
      <Filter>r_code</Filter>
    </ClCompile>
    <ClCompile Include="submodules\AERA\r_code\image.tpl.cpp">
      <Filter>r_code</Filter>
    </ClCompile>
    <ClCompile Include="graphics-items\model-prediction-item.cpp">
      <Filter>graphics-items</Filter>
    </ClCompile>
    <ClCompile Include="graphics-items\composite-state-prediction-item.cpp">
      <Filter>graphics-items</Filter>
    </ClCompile>
    <ClCompile Include="graphics-items\anchored-horizontal-line.cpp">
      <Filter>graphics-items</Filter>
    </ClCompile>
    <ClCompile Include="graphics-items\drive-item.cpp">
      <Filter>graphics-items</Filter>
    </ClCompile>
    <ClCompile Include="graphics-items\simulation-commit-item.cpp">
      <Filter>graphics-items</Filter>
    </ClCompile>
    <ClCompile Include="graphics-items\model-prediction-from-requirement-item.cpp">
      <Filter>graphics-items</Filter>
    </ClCompile>
    <ClCompile Include="graphics-items\expandable-goal-or-pred-item.cpp">
      <Filter>graphics-items</Filter>
    </ClCompile>
    <ClCompile Include="graphics-items\model-imdl-prediction-item.cpp">
      <Filter>graphics-items</Filter>
    </ClCompile>
    <ClCompile Include="graphics-items\model-prediction-from-requirement-disabled-item.cpp">
      <Filter>graphics-items</Filter>
    </ClCompile>
  </ItemGroup>
  <ItemGroup>
    <ClInclude Include="aera-event.hpp" />
    <ClInclude Include="submodules\AERA\submodules\CoreLibrary\CoreLibrary\base.h">
      <Filter>CoreLibrary</Filter>
    </ClInclude>
    <ClInclude Include="submodules\AERA\submodules\CoreLibrary\CoreLibrary\types.h">
      <Filter>CoreLibrary</Filter>
    </ClInclude>
    <ClInclude Include="submodules\AERA\submodules\CoreLibrary\CoreLibrary\utils.h">
      <Filter>CoreLibrary</Filter>
    </ClInclude>
    <ClInclude Include="submodules\AERA\r_code\atom.h">
      <Filter>r_code</Filter>
    </ClInclude>
    <ClInclude Include="submodules\AERA\r_code\image.h">
      <Filter>r_code</Filter>
    </ClInclude>
    <ClInclude Include="submodules\AERA\r_code\image_impl.h">
      <Filter>r_code</Filter>
    </ClInclude>
    <ClInclude Include="submodules\AERA\r_code\list.h">
      <Filter>r_code</Filter>
    </ClInclude>
    <ClInclude Include="submodules\AERA\r_code\object.h">
      <Filter>r_code</Filter>
    </ClInclude>
    <ClInclude Include="submodules\AERA\r_code\r_code.h">
      <Filter>r_code</Filter>
    </ClInclude>
    <ClInclude Include="submodules\AERA\r_code\replicode_defs.h">
      <Filter>r_code</Filter>
    </ClInclude>
    <ClInclude Include="submodules\AERA\r_code\time_buffer.h">
      <Filter>r_code</Filter>
    </ClInclude>
    <ClInclude Include="submodules\AERA\r_code\utils.h">
      <Filter>r_code</Filter>
    </ClInclude>
    <ClInclude Include="submodules\AERA\r_code\vector.h">
      <Filter>r_code</Filter>
    </ClInclude>
    <ClInclude Include="submodules\AERA\r_comp\class.h">
      <Filter>r_comp</Filter>
    </ClInclude>
    <ClInclude Include="submodules\AERA\r_comp\compiler.h">
      <Filter>r_comp</Filter>
    </ClInclude>
    <ClInclude Include="submodules\AERA\r_comp\decompiler.h">
      <Filter>r_comp</Filter>
    </ClInclude>
    <ClInclude Include="submodules\AERA\r_comp\out_stream.h">
      <Filter>r_comp</Filter>
    </ClInclude>
    <ClInclude Include="submodules\AERA\r_comp\preprocessor.h">
      <Filter>r_comp</Filter>
    </ClInclude>
    <ClInclude Include="submodules\AERA\r_comp\r_comp.h">
      <Filter>r_comp</Filter>
    </ClInclude>
    <ClInclude Include="submodules\AERA\r_comp\segments.h">
      <Filter>r_comp</Filter>
    </ClInclude>
    <ClInclude Include="submodules\AERA\r_comp\string_utils.h">
      <Filter>r_comp</Filter>
    </ClInclude>
    <ClInclude Include="submodules\AERA\r_comp\structure_member.h">
      <Filter>r_comp</Filter>
    </ClInclude>
    <ClInclude Include="replicode-objects.hpp" />
    <ClInclude Include="submodules\AERA\r_exec\_context.h">
      <Filter>r_exec</Filter>
    </ClInclude>
    <ClInclude Include="submodules\AERA\r_exec\ast_controller.h">
      <Filter>r_exec</Filter>
    </ClInclude>
    <ClInclude Include="submodules\AERA\r_exec\auto_focus.h">
      <Filter>r_exec</Filter>
    </ClInclude>
    <ClInclude Include="submodules\AERA\r_exec\binding_map.h">
      <Filter>r_exec</Filter>
    </ClInclude>
    <ClInclude Include="submodules\AERA\r_exec\callbacks.h">
      <Filter>r_exec</Filter>
    </ClInclude>
    <ClInclude Include="submodules\AERA\r_exec\context.h">
      <Filter>r_exec</Filter>
    </ClInclude>
    <ClInclude Include="submodules\AERA\r_exec\cpp_programs.h">
      <Filter>r_exec</Filter>
    </ClInclude>
    <ClInclude Include="submodules\AERA\r_exec\cst_controller.h">
      <Filter>r_exec</Filter>
    </ClInclude>
    <ClInclude Include="submodules\AERA\r_exec\dll.h">
      <Filter>r_exec</Filter>
    </ClInclude>
    <ClInclude Include="submodules\AERA\r_exec\factory.h">
      <Filter>r_exec</Filter>
    </ClInclude>
    <ClInclude Include="submodules\AERA\r_exec\g_monitor.h">
      <Filter>r_exec</Filter>
    </ClInclude>
    <ClInclude Include="submodules\AERA\r_exec\group.h">
      <Filter>r_exec</Filter>
    </ClInclude>
    <ClInclude Include="submodules\AERA\r_exec\guard_builder.h">
      <Filter>r_exec</Filter>
    </ClInclude>
    <ClInclude Include="submodules\AERA\r_exec\hlp_context.h">
      <Filter>r_exec</Filter>
    </ClInclude>
    <ClInclude Include="submodules\AERA\r_exec\hlp_controller.h">
      <Filter>r_exec</Filter>
    </ClInclude>
    <ClInclude Include="submodules\AERA\r_exec\hlp_overlay.h">
      <Filter>r_exec</Filter>
    </ClInclude>
    <ClInclude Include="submodules\AERA\r_exec\init.h">
      <Filter>r_exec</Filter>
    </ClInclude>
    <ClInclude Include="submodules\AERA\r_exec\mdl_controller.h">
      <Filter>r_exec</Filter>
    </ClInclude>
    <ClInclude Include="submodules\AERA\r_exec\mem.h">
      <Filter>r_exec</Filter>
    </ClInclude>
    <ClInclude Include="submodules\AERA\r_exec\model_base.h">
      <Filter>r_exec</Filter>
    </ClInclude>
    <ClInclude Include="submodules\AERA\r_exec\monitor.h">
      <Filter>r_exec</Filter>
    </ClInclude>
    <ClInclude Include="submodules\AERA\r_exec\object.h">
      <Filter>r_exec</Filter>
    </ClInclude>
    <ClInclude Include="submodules\AERA\r_exec\opcodes.h">
      <Filter>r_exec</Filter>
    </ClInclude>
    <ClInclude Include="submodules\AERA\r_exec\operator.h">
      <Filter>r_exec</Filter>
    </ClInclude>
    <ClInclude Include="submodules\AERA\r_exec\overlay.h">
      <Filter>r_exec</Filter>
    </ClInclude>
    <ClInclude Include="submodules\AERA\r_exec\p_monitor.h">
      <Filter>r_exec</Filter>
    </ClInclude>
    <ClInclude Include="submodules\AERA\r_exec\pattern_extractor.h">
      <Filter>r_exec</Filter>
    </ClInclude>
    <ClInclude Include="submodules\AERA\r_exec\pgm_controller.h">
      <Filter>r_exec</Filter>
    </ClInclude>
    <ClInclude Include="submodules\AERA\r_exec\pgm_overlay.h">
      <Filter>r_exec</Filter>
    </ClInclude>
    <ClInclude Include="submodules\AERA\r_exec\reduction_core.h">
      <Filter>r_exec</Filter>
    </ClInclude>
    <ClInclude Include="submodules\AERA\r_exec\reduction_job.h">
      <Filter>r_exec</Filter>
    </ClInclude>
    <ClInclude Include="submodules\AERA\r_exec\time_core.h">
      <Filter>r_exec</Filter>
    </ClInclude>
    <ClInclude Include="submodules\AERA\r_exec\time_job.h">
      <Filter>r_exec</Filter>
    </ClInclude>
    <ClInclude Include="submodules\AERA\r_exec\view.h">
      <Filter>r_exec</Filter>
    </ClInclude>
    <ClInclude Include="submodules\AERA\usr_operators\auto_focus_callback.h">
      <Filter>usr_operators</Filter>
    </ClInclude>
    <ClInclude Include="graphics-items\aera-graphics-item.hpp">
      <Filter>graphics-items</Filter>
    </ClInclude>
    <ClInclude Include="graphics-items\arrow.hpp">
      <Filter>graphics-items</Filter>
    </ClInclude>
    <ClInclude Include="graphics-items\composite-state-item.hpp">
      <Filter>graphics-items</Filter>
    </ClInclude>
    <ClInclude Include="graphics-items\model-item.hpp">
      <Filter>graphics-items</Filter>
    </ClInclude>
    <ClInclude Include="graphics-items\prediction-item.hpp">
      <Filter>graphics-items</Filter>
    </ClInclude>
    <ClInclude Include="graphics-items\program-output-fact-item.hpp">
      <Filter>graphics-items</Filter>
    </ClInclude>
    <ClInclude Include="graphics-items\program-reduction-item.hpp">
      <Filter>graphics-items</Filter>
    </ClInclude>
    <ClInclude Include="graphics-items\aera-visualizer-scene.hpp">
      <Filter>graphics-items</Filter>
    </ClInclude>
    <ClInclude Include="graphics-items\instantiated-composite-state-item.hpp">
      <Filter>graphics-items</Filter>
    </ClInclude>
    <ClInclude Include="graphics-items\auto-focus-fact-item.hpp">
      <Filter>graphics-items</Filter>
    </ClInclude>
    <ClInclude Include="submodules\AERA\submodules\CoreLibrary\CoreLibrary\xml_parser.h">
      <Filter>CoreLibrary</Filter>
    </ClInclude>
    <ClInclude Include="graphics-items\prediction-result-item.hpp">
      <Filter>graphics-items</Filter>
    </ClInclude>
    <ClInclude Include="graphics-items\model-goal-item.hpp">
      <Filter>graphics-items</Filter>
    </ClInclude>
    <ClInclude Include="graphics-items\composite-state-goal-item.hpp">
      <Filter>graphics-items</Filter>
    </ClInclude>
    <ClInclude Include="graphics-items\io-device-inject-eject-item.hpp">
      <Filter>graphics-items</Filter>
    </ClInclude>
    <ClInclude Include="submodules\AERA\submodules\CoreLibrary\CoreLibrary\pipe.h">
      <Filter>CoreLibrary</Filter>
    </ClInclude>
    <ClInclude Include="graphics-items\model-prediction-item.hpp">
      <Filter>graphics-items</Filter>
    </ClInclude>
    <ClInclude Include="graphics-items\composite-state-prediction-item.hpp">
      <Filter>graphics-items</Filter>
    </ClInclude>
    <ClInclude Include="graphics-items\anchored-horizontal-line.hpp">
      <Filter>graphics-items</Filter>
    </ClInclude>
    <ClInclude Include="graphics-items\drive-item.hpp">
      <Filter>graphics-items</Filter>
    </ClInclude>
    <ClInclude Include="graphics-items\simulation-commit-item.hpp">
      <Filter>graphics-items</Filter>
    </ClInclude>
    <ClInclude Include="graphics-items\model-prediction-from-requirement-item.hpp">
      <Filter>graphics-items</Filter>
    </ClInclude>
    <ClInclude Include="graphics-items\expandable-goal-or-pred-item.hpp">
      <Filter>graphics-items</Filter>
    </ClInclude>
    <ClInclude Include="graphics-items\model-imdl-prediction-item.hpp">
      <Filter>graphics-items</Filter>
    </ClInclude>
    <ClInclude Include="graphics-items\model-prediction-from-requirement-disabled-item.hpp">
      <Filter>graphics-items</Filter>
    </ClInclude>
  </ItemGroup>
  <ItemGroup>
    <Image Include="images\pause.png">
      <Filter>images</Filter>
    </Image>
    <Image Include="images\play.png">
      <Filter>images</Filter>
    </Image>
    <Image Include="images\play-step.png">
      <Filter>images</Filter>
    </Image>
    <Image Include="images\play-step-back.png">
      <Filter>images</Filter>
    </Image>
    <Image Include="images\zoom-home.png">
      <Filter>images</Filter>
    </Image>
    <Image Include="images\zoom-in.png">
      <Filter>images</Filter>
    </Image>
    <Image Include="images\zoom-out.png">
      <Filter>images</Filter>
    </Image>
    <Image Include="images\app.ico">
      <Filter>images</Filter>
    </Image>
  </ItemGroup>
  <ItemGroup>
    <QtRcc Include="aera_visualizer.qrc" />
  </ItemGroup>
  <ItemGroup>
    <Filter Include="Header Files">
      <UniqueIdentifier>{93995380-89BD-4b04-88EB-625FBE52EBFB}</UniqueIdentifier>
      <Extensions>h;hh;hpp;hxx;hm;inl;inc;xsd</Extensions>
      <ParseFiles>true</ParseFiles>
    </Filter>
    <Filter Include="CoreLibrary">
      <UniqueIdentifier>{4661bd21-5c81-4926-8264-de72870e17d1}</UniqueIdentifier>
    </Filter>
    <Filter Include="r_code">
      <UniqueIdentifier>{a1589c09-ceb9-4316-978f-7581e3dfa36a}</UniqueIdentifier>
    </Filter>
    <Filter Include="r_comp">
      <UniqueIdentifier>{01ff5f8f-35d2-4f46-aa06-a1a9afdf9ef0}</UniqueIdentifier>
    </Filter>
    <Filter Include="r_exec">
      <UniqueIdentifier>{f5c58719-adcf-482e-8c43-6c2a9635e737}</UniqueIdentifier>
    </Filter>
    <Filter Include="usr_operators">
      <UniqueIdentifier>{fae7e475-75f2-4aae-950c-0817e7cf66e6}</UniqueIdentifier>
    </Filter>
    <Filter Include="graphics-items">
      <UniqueIdentifier>{b3e0c323-7a69-4f9f-bad1-86040e5e046c}</UniqueIdentifier>
    </Filter>
    <Filter Include="images">
      <UniqueIdentifier>{0c46a924-114d-4f51-ab3b-c17420510b01}</UniqueIdentifier>
    </Filter>
  </ItemGroup>
  <ItemGroup>
    <QtMoc Include="aera-visualizer-window.hpp" />
    <QtMoc Include="aera-visualizer-window-base.hpp" />
    <QtMoc Include="explanation-log-window.hpp" />
  </ItemGroup>
  <ItemGroup>
    <None Include="submodules\AERA\r_exec\r_exec.vcxproj">
      <Filter>r_exec</Filter>
    </None>
  </ItemGroup>
</Project>